
Microsoft Visual Studio Solution File, Format Version 12.00
# Visual Studio Version 16
VisualStudioVersion = 16.0.30114.105
MinimumVisualStudioVersion = 10.0.40219.1
Project("{FAE04EC0-301F-11D3-BF4B-00C04F79EFBC}") = "Legal.Backend.Api", "Legal.Backend.Api\Legal.Backend.Api.csproj", "{00B95CC9-5E83-428C-8D92-CCA094A16384}"
EndProject
Project("{FAE04EC0-301F-11D3-BF4B-00C04F79EFBC}") = "Legal.Backend.Core", "Legal.Backend.Model\Legal.Backend.Core.csproj", "{B69D429C-50F8-4E69-BB79-774DA1CBB0F5}"
EndProject
Project("{FAE04EC0-301F-11D3-BF4B-00C04F79EFBC}") = "Legal.Backend.Data", "Legal.Backend.Data\Legal.Backend.Data.csproj", "{9D39AB5D-4D7E-4783-955B-7A0437D7F5BD}"
EndProject
Project("{FAE04EC0-301F-11D3-BF4B-00C04F79EFBC}") = "Legal.Backend.Application", "Legal.Backend.Application\Legal.Backend.Application.csproj", "{9D9B02AE-AD22-43EB-873D-15DDA904762B}"
EndProject
Global
	GlobalSection(SolutionConfigurationPlatforms) = preSolution
		Debug|Any CPU = Debug|Any CPU
		Debug|x64 = Debug|x64
		Debug|x86 = Debug|x86
		Release|Any CPU = Release|Any CPU
		Release|x64 = Release|x64
		Release|x86 = Release|x86
	EndGlobalSection
	GlobalSection(SolutionProperties) = preSolution
		HideSolutionNode = FALSE
	EndGlobalSection
	GlobalSection(ProjectConfigurationPlatforms) = postSolution
		{00B95CC9-5E83-428C-8D92-CCA094A16384}.Debug|Any CPU.ActiveCfg = Debug|Any CPU
		{00B95CC9-5E83-428C-8D92-CCA094A16384}.Debug|Any CPU.Build.0 = Debug|Any CPU
		{00B95CC9-5E83-428C-8D92-CCA094A16384}.Debug|x64.ActiveCfg = Debug|Any CPU
		{00B95CC9-5E83-428C-8D92-CCA094A16384}.Debug|x64.Build.0 = Debug|Any CPU
		{00B95CC9-5E83-428C-8D92-CCA094A16384}.Debug|x86.ActiveCfg = Debug|Any CPU
		{00B95CC9-5E83-428C-8D92-CCA094A16384}.Debug|x86.Build.0 = Debug|Any CPU
		{00B95CC9-5E83-428C-8D92-CCA094A16384}.Release|Any CPU.ActiveCfg = Release|Any CPU
		{00B95CC9-5E83-428C-8D92-CCA094A16384}.Release|Any CPU.Build.0 = Release|Any CPU
		{00B95CC9-5E83-428C-8D92-CCA094A16384}.Release|x64.ActiveCfg = Release|Any CPU
		{00B95CC9-5E83-428C-8D92-CCA094A16384}.Release|x64.Build.0 = Release|Any CPU
		{00B95CC9-5E83-428C-8D92-CCA094A16384}.Release|x86.ActiveCfg = Release|Any CPU
		{00B95CC9-5E83-428C-8D92-CCA094A16384}.Release|x86.Build.0 = Release|Any CPU
		{B69D429C-50F8-4E69-BB79-774DA1CBB0F5}.Debug|Any CPU.ActiveCfg = Debug|Any CPU
		{B69D429C-50F8-4E69-BB79-774DA1CBB0F5}.Debug|Any CPU.Build.0 = Debug|Any CPU
		{B69D429C-50F8-4E69-BB79-774DA1CBB0F5}.Debug|x64.ActiveCfg = Debug|Any CPU
		{B69D429C-50F8-4E69-BB79-774DA1CBB0F5}.Debug|x64.Build.0 = Debug|Any CPU
		{B69D429C-50F8-4E69-BB79-774DA1CBB0F5}.Debug|x86.ActiveCfg = Debug|Any CPU
		{B69D429C-50F8-4E69-BB79-774DA1CBB0F5}.Debug|x86.Build.0 = Debug|Any CPU
		{B69D429C-50F8-4E69-BB79-774DA1CBB0F5}.Release|Any CPU.ActiveCfg = Release|Any CPU
		{B69D429C-50F8-4E69-BB79-774DA1CBB0F5}.Release|Any CPU.Build.0 = Release|Any CPU
		{B69D429C-50F8-4E69-BB79-774DA1CBB0F5}.Release|x64.ActiveCfg = Release|Any CPU
		{B69D429C-50F8-4E69-BB79-774DA1CBB0F5}.Release|x64.Build.0 = Release|Any CPU
		{B69D429C-50F8-4E69-BB79-774DA1CBB0F5}.Release|x86.ActiveCfg = Release|Any CPU
		{B69D429C-50F8-4E69-BB79-774DA1CBB0F5}.Release|x86.Build.0 = Release|Any CPU
		{9D39AB5D-4D7E-4783-955B-7A0437D7F5BD}.Debug|Any CPU.ActiveCfg = Debug|Any CPU
		{9D39AB5D-4D7E-4783-955B-7A0437D7F5BD}.Debug|Any CPU.Build.0 = Debug|Any CPU
		{9D39AB5D-4D7E-4783-955B-7A0437D7F5BD}.Debug|x64.ActiveCfg = Debug|Any CPU
		{9D39AB5D-4D7E-4783-955B-7A0437D7F5BD}.Debug|x64.Build.0 = Debug|Any CPU
		{9D39AB5D-4D7E-4783-955B-7A0437D7F5BD}.Debug|x86.ActiveCfg = Debug|Any CPU
		{9D39AB5D-4D7E-4783-955B-7A0437D7F5BD}.Debug|x86.Build.0 = Debug|Any CPU
		{9D39AB5D-4D7E-4783-955B-7A0437D7F5BD}.Release|Any CPU.ActiveCfg = Release|Any CPU
		{9D39AB5D-4D7E-4783-955B-7A0437D7F5BD}.Release|Any CPU.Build.0 = Release|Any CPU
		{9D39AB5D-4D7E-4783-955B-7A0437D7F5BD}.Release|x64.ActiveCfg = Release|Any CPU
		{9D39AB5D-4D7E-4783-955B-7A0437D7F5BD}.Release|x64.Build.0 = Release|Any CPU
		{9D39AB5D-4D7E-4783-955B-7A0437D7F5BD}.Release|x86.ActiveCfg = Release|Any CPU
		{9D39AB5D-4D7E-4783-955B-7A0437D7F5BD}.Release|x86.Build.0 = Release|Any CPU
		{9D9B02AE-AD22-43EB-873D-15DDA904762B}.Debug|Any CPU.ActiveCfg = Debug|Any CPU
		{9D9B02AE-AD22-43EB-873D-15DDA904762B}.Debug|Any CPU.Build.0 = Debug|Any CPU
		{9D9B02AE-AD22-43EB-873D-15DDA904762B}.Debug|x64.ActiveCfg = Debug|Any CPU
		{9D9B02AE-AD22-43EB-873D-15DDA904762B}.Debug|x64.Build.0 = Debug|Any CPU
		{9D9B02AE-AD22-43EB-873D-15DDA904762B}.Debug|x86.ActiveCfg = Debug|Any CPU
		{9D9B02AE-AD22-43EB-873D-15DDA904762B}.Debug|x86.Build.0 = Debug|Any CPU
		{9D9B02AE-AD22-43EB-873D-15DDA904762B}.Release|Any CPU.ActiveCfg = Release|Any CPU
		{9D9B02AE-AD22-43EB-873D-15DDA904762B}.Release|Any CPU.Build.0 = Release|Any CPU
		{9D9B02AE-AD22-43EB-873D-15DDA904762B}.Release|x64.ActiveCfg = Release|Any CPU
		{9D9B02AE-AD22-43EB-873D-15DDA904762B}.Release|x64.Build.0 = Release|Any CPU
		{9D9B02AE-AD22-43EB-873D-15DDA904762B}.Release|x86.ActiveCfg = Release|Any CPU
		{9D9B02AE-AD22-43EB-873D-15DDA904762B}.Release|x86.Build.0 = Release|Any CPU
	EndGlobalSection
EndGlobal
